hash: 5f41b0aa9de331f2f1de78ed9d7922b18937b8df0406fd4a2d9b8b3c7858ee0b
updated: 2017-01-16T11:05:18.017518589+08:00
imports:
- name: github.com/bitly/go-simplejson
  version: aabad6e819789e569bd6aabf444c935aa9ba1e44
- name: github.com/golang/protobuf
  version: 8ee79997227bf9b34611aee7946ae64735e6fd93
  subpackages:
  - proto
- name: github.com/gorilla/schema
  version: dfd60678a6033f19803293695dcd30f40ed3cd19
- name: github.com/mozillazg/request
  version: 052232e32456da4751d789b61e89aba4a07a7e25
- name: golang.org/x/net
  version: c4c3ea71919de159c9e246d7be66deb7f0a39a58
  subpackages:
  - context
  - proxy
  - publicsuffix
- name: golang.org/x/oauth2
  version: 314dd2c0bf3ebd592ec0d20847d27e79d0dbe8dd
  subpackages:
  - internal
- name: google.golang.org/appengine
  version: 9e2ad0873f358c54296ccdc5116b0652c98226d1
  subpackages:
  - internal
  - internal/base
  - internal/datastore
  - internal/log
  - internal/remote_api
  - internal/urlfetch
  - urlfetch
testImports: []
